
Microsoft Visual Studio Solution File, Format Version 12.00
# Visual Studio Version 17
VisualStudioVersion = 17.10.35004.147
MinimumVisualStudioVersion = 10.0.40219.1
Project("{FAE04EC0-301F-11D3-BF4B-00C04F79EFBC}") = "lchatserver", "lchatserver\lchatserver.csproj", "{468CA761-ABB8-4108-BAF9-037B21C65F8E}"
EndProject
Global
	GlobalSection(SolutionConfigurationPlatforms) = preSolution
		Debug|Any CPU = Debug|Any CPU
		Release|Any CPU = Release|Any CPU
	EndGlobalSection
	GlobalSection(ProjectConfigurationPlatforms) = postSolution
		{468CA761-ABB8-4108-BAF9-037B21C65F8E}.Debug|Any CPU.ActiveCfg = Debug|Any CPU
		{468CA761-ABB8-4108-BAF9-037B21C65F8E}.Debug|Any CPU.Build.0 = Debug|Any CPU
		{468CA761-ABB8-4108-BAF9-037B21C65F8E}.Release|Any CPU.ActiveCfg = Release|Any CPU
		{468CA761-ABB8-4108-BAF9-037B21C65F8E}.Release|Any CPU.Build.0 = Release|Any CPU
	EndGlobalSection
	GlobalSection(SolutionProperties) = preSolution
		HideSolutionNode = FALSE
	EndGlobalSection
	GlobalSection(ExtensibilityGlobals) = postSolution
		SolutionGuid = {C4F312BF-3170-42B9-806E-92C95ECC4A17}
	EndGlobalSection
EndGlobal
